
Microsoft Visual Studio Solution File, Format Version 12.00
# Visual Studio Version 18
VisualStudioVersion = 18.1.11304.174 d18.0
MinimumVisualStudioVersion = 10.0.40219.1
Project("{FAE04EC0-301F-11D3-BF4B-00C04F79EFBC}") = "Fidelity.Client", "Fidelity.Client\Fidelity.Client.csproj", "{B78597A0-F30C-4B9B-AB29-0EEC0E5B8963}"
EndProject
Project("{FAE04EC0-301F-11D3-BF4B-00C04F79EFBC}") = "Fidelity.Shared", "Fidelity.Shared\Fidelity.Shared.csproj", "{B67BE9BB-45BE-4024-A41E-4F4DE23A49B6}"
EndProject
Project("{FAE04EC0-301F-11D3-BF4B-00C04F79EFBC}") = "Fidelity.Server", "Fidelity.Server\Fidelity.Server.csproj", "{61244542-99DE-4E04-9ADB-0B8757E2F03D}"
EndProject
Project("{2150E333-8FDC-42A3-9474-1A3956D46DE8}") = "src", "src", "{827E0CD3-B72D-47B6-A68D-7590B98EB39B}"
EndProject
Project("{2150E333-8FDC-42A3-9474-1A3956D46DE8}") = "Core", "Core", "{8D626EA8-CB54-BC41-363A-217881BEBA6E}"
EndProject
Project("{FAE04EC0-301F-11D3-BF4B-00C04F79EFBC}") = "Fidelity.Domain", "src\Core\Fidelity.Domain\Fidelity.Domain.csproj", "{140F9B2D-CE28-4C86-9A5A-5373EA71679A}"
EndProject
Project("{FAE04EC0-301F-11D3-BF4B-00C04F79EFBC}") = "Fidelity.Application", "src\Core\Fidelity.Application\Fidelity.Application.csproj", "{A9F6DA64-F198-49B4-9C18-BA9CC484A03D}"
EndProject
Project("{2150E333-8FDC-42A3-9474-1A3956D46DE8}") = "Infrastructure", "Infrastructure", "{9048EB7F-3875-A59E-E36B-5BD4C6F2A282}"
EndProject
Project("{FAE04EC0-301F-11D3-BF4B-00C04F79EFBC}") = "Fidelity.Infrastructure", "src\Infrastructure\Fidelity.Infrastructure\Fidelity.Infrastructure.csproj", "{1E227D84-6870-49CD-8F18-0C66887DA0E1}"
EndProject
Global
	GlobalSection(SolutionConfigurationPlatforms) = preSolution
		Debug|Any CPU = Debug|Any CPU
		Debug|x64 = Debug|x64
		Debug|x86 = Debug|x86
		Release|Any CPU = Release|Any CPU
		Release|x64 = Release|x64
		Release|x86 = Release|x86
	EndGlobalSection
	GlobalSection(ProjectConfigurationPlatforms) = postSolution
		{B78597A0-F30C-4B9B-AB29-0EEC0E5B8963}.Debug|Any CPU.ActiveCfg = Debug|Any CPU
		{B78597A0-F30C-4B9B-AB29-0EEC0E5B8963}.Debug|Any CPU.Build.0 = Debug|Any CPU
		{B78597A0-F30C-4B9B-AB29-0EEC0E5B8963}.Debug|x64.ActiveCfg = Debug|Any CPU
		{B78597A0-F30C-4B9B-AB29-0EEC0E5B8963}.Debug|x64.Build.0 = Debug|Any CPU
		{B78597A0-F30C-4B9B-AB29-0EEC0E5B8963}.Debug|x86.ActiveCfg = Debug|Any CPU
		{B78597A0-F30C-4B9B-AB29-0EEC0E5B8963}.Debug|x86.Build.0 = Debug|Any CPU
		{B78597A0-F30C-4B9B-AB29-0EEC0E5B8963}.Release|Any CPU.ActiveCfg = Release|Any CPU
		{B78597A0-F30C-4B9B-AB29-0EEC0E5B8963}.Release|Any CPU.Build.0 = Release|Any CPU
		{B78597A0-F30C-4B9B-AB29-0EEC0E5B8963}.Release|x64.ActiveCfg = Release|Any CPU
		{B78597A0-F30C-4B9B-AB29-0EEC0E5B8963}.Release|x64.Build.0 = Release|Any CPU
		{B78597A0-F30C-4B9B-AB29-0EEC0E5B8963}.Release|x86.ActiveCfg = Release|Any CPU
		{B78597A0-F30C-4B9B-AB29-0EEC0E5B8963}.Release|x86.Build.0 = Release|Any CPU
		{B67BE9BB-45BE-4024-A41E-4F4DE23A49B6}.Debug|Any CPU.ActiveCfg = Debug|Any CPU
		{B67BE9BB-45BE-4024-A41E-4F4DE23A49B6}.Debug|Any CPU.Build.0 = Debug|Any CPU
		{B67BE9BB-45BE-4024-A41E-4F4DE23A49B6}.Debug|x64.ActiveCfg = Debug|Any CPU
		{B67BE9BB-45BE-4024-A41E-4F4DE23A49B6}.Debug|x64.Build.0 = Debug|Any CPU
		{B67BE9BB-45BE-4024-A41E-4F4DE23A49B6}.Debug|x86.ActiveCfg = Debug|Any CPU
		{B67BE9BB-45BE-4024-A41E-4F4DE23A49B6}.Debug|x86.Build.0 = Debug|Any CPU
		{B67BE9BB-45BE-4024-A41E-4F4DE23A49B6}.Release|Any CPU.ActiveCfg = Release|Any CPU
		{B67BE9BB-45BE-4024-A41E-4F4DE23A49B6}.Release|Any CPU.Build.0 = Release|Any CPU
		{B67BE9BB-45BE-4024-A41E-4F4DE23A49B6}.Release|x64.ActiveCfg = Release|Any CPU
		{B67BE9BB-45BE-4024-A41E-4F4DE23A49B6}.Release|x64.Build.0 = Release|Any CPU
		{B67BE9BB-45BE-4024-A41E-4F4DE23A49B6}.Release|x86.ActiveCfg = Release|Any CPU
		{B67BE9BB-45BE-4024-A41E-4F4DE23A49B6}.Release|x86.Build.0 = Release|Any CPU
		{61244542-99DE-4E04-9ADB-0B8757E2F03D}.Debug|Any CPU.ActiveCfg = Debug|Any CPU
		{61244542-99DE-4E04-9ADB-0B8757E2F03D}.Debug|Any CPU.Build.0 = Debug|Any CPU
		{61244542-99DE-4E04-9ADB-0B8757E2F03D}.Debug|x64.ActiveCfg = Debug|Any CPU
		{61244542-99DE-4E04-9ADB-0B8757E2F03D}.Debug|x64.Build.0 = Debug|Any CPU
		{61244542-99DE-4E04-9ADB-0B8757E2F03D}.Debug|x86.ActiveCfg = Debug|Any CPU
		{61244542-99DE-4E04-9ADB-0B8757E2F03D}.Debug|x86.Build.0 = Debug|Any CPU
		{61244542-99DE-4E04-9ADB-0B8757E2F03D}.Release|Any CPU.ActiveCfg = Release|Any CPU
		{61244542-99DE-4E04-9ADB-0B8757E2F03D}.Release|Any CPU.Build.0 = Release|Any CPU
		{61244542-99DE-4E04-9ADB-0B8757E2F03D}.Release|x64.ActiveCfg = Release|Any CPU
		{61244542-99DE-4E04-9ADB-0B8757E2F03D}.Release|x64.Build.0 = Release|Any CPU
		{61244542-99DE-4E04-9ADB-0B8757E2F03D}.Release|x86.ActiveCfg = Release|Any CPU
		{61244542-99DE-4E04-9ADB-0B8757E2F03D}.Release|x86.Build.0 = Release|Any CPU
		{140F9B2D-CE28-4C86-9A5A-5373EA71679A}.Debug|Any CPU.ActiveCfg = Debug|Any CPU
		{140F9B2D-CE28-4C86-9A5A-5373EA71679A}.Debug|Any CPU.Build.0 = Debug|Any CPU
		{140F9B2D-CE28-4C86-9A5A-5373EA71679A}.Debug|x64.ActiveCfg = Debug|Any CPU
		{140F9B2D-CE28-4C86-9A5A-5373EA71679A}.Debug|x64.Build.0 = Debug|Any CPU
		{140F9B2D-CE28-4C86-9A5A-5373EA71679A}.Debug|x86.ActiveCfg = Debug|Any CPU
		{140F9B2D-CE28-4C86-9A5A-5373EA71679A}.Debug|x86.Build.0 = Debug|Any CPU
		{140F9B2D-CE28-4C86-9A5A-5373EA71679A}.Release|Any CPU.ActiveCfg = Release|Any CPU
		{140F9B2D-CE28-4C86-9A5A-5373EA71679A}.Release|Any CPU.Build.0 = Release|Any CPU
		{140F9B2D-CE28-4C86-9A5A-5373EA71679A}.Release|x64.ActiveCfg = Release|Any CPU
		{140F9B2D-CE28-4C86-9A5A-5373EA71679A}.Release|x64.Build.0 = Release|Any CPU
		{140F9B2D-CE28-4C86-9A5A-5373EA71679A}.Release|x86.ActiveCfg = Release|Any CPU
		{140F9B2D-CE28-4C86-9A5A-5373EA71679A}.Release|x86.Build.0 = Release|Any CPU
		{A9F6DA64-F198-49B4-9C18-BA9CC484A03D}.Debug|Any CPU.ActiveCfg = Debug|Any CPU
		{A9F6DA64-F198-49B4-9C18-BA9CC484A03D}.Debug|Any CPU.Build.0 = Debug|Any CPU
		{A9F6DA64-F198-49B4-9C18-BA9CC484A03D}.Debug|x64.ActiveCfg = Debug|Any CPU
		{A9F6DA64-F198-49B4-9C18-BA9CC484A03D}.Debug|x64.Build.0 = Debug|Any CPU
		{A9F6DA64-F198-49B4-9C18-BA9CC484A03D}.Debug|x86.ActiveCfg = Debug|Any CPU
		{A9F6DA64-F198-49B4-9C18-BA9CC484A03D}.Debug|x86.Build.0 = Debug|Any CPU
		{A9F6DA64-F198-49B4-9C18-BA9CC484A03D}.Release|Any CPU.ActiveCfg = Release|Any CPU
		{A9F6DA64-F198-49B4-9C18-BA9CC484A03D}.Release|Any CPU.Build.0 = Release|Any CPU
		{A9F6DA64-F198-49B4-9C18-BA9CC484A03D}.Release|x64.ActiveCfg = Release|Any CPU
		{A9F6DA64-F198-49B4-9C18-BA9CC484A03D}.Release|x64.Build.0 = Release|Any CPU
		{A9F6DA64-F198-49B4-9C18-BA9CC484A03D}.Release|x86.ActiveCfg = Release|Any CPU
		{A9F6DA64-F198-49B4-9C18-BA9CC484A03D}.Release|x86.Build.0 = Release|Any CPU
		{1E227D84-6870-49CD-8F18-0C66887DA0E1}.Debug|Any CPU.ActiveCfg = Debug|Any CPU
		{1E227D84-6870-49CD-8F18-0C66887DA0E1}.Debug|Any CPU.Build.0 = Debug|Any CPU
		{1E227D84-6870-49CD-8F18-0C66887DA0E1}.Debug|x64.ActiveCfg = Debug|Any CPU
		{1E227D84-6870-49CD-8F18-0C66887DA0E1}.Debug|x64.Build.0 = Debug|Any CPU
		{1E227D84-6870-49CD-8F18-0C66887DA0E1}.Debug|x86.ActiveCfg = Debug|Any CPU
		{1E227D84-6870-49CD-8F18-0C66887DA0E1}.Debug|x86.Build.0 = Debug|Any CPU
		{1E227D84-6870-49CD-8F18-0C66887DA0E1}.Release|Any CPU.ActiveCfg = Release|Any CPU
		{1E227D84-6870-49CD-8F18-0C66887DA0E1}.Release|Any CPU.Build.0 = Release|Any CPU
		{1E227D84-6870-49CD-8F18-0C66887DA0E1}.Release|x64.ActiveCfg = Release|Any CPU
		{1E227D84-6870-49CD-8F18-0C66887DA0E1}.Release|x64.Build.0 = Release|Any CPU
		{1E227D84-6870-49CD-8F18-0C66887DA0E1}.Release|x86.ActiveCfg = Release|Any CPU
		{1E227D84-6870-49CD-8F18-0C66887DA0E1}.Release|x86.Build.0 = Release|Any CPU
	EndGlobalSection
	GlobalSection(SolutionProperties) = preSolution
		HideSolutionNode = FALSE
	EndGlobalSection
	GlobalSection(NestedProjects) = preSolution
		{8D626EA8-CB54-BC41-363A-217881BEBA6E} = {827E0CD3-B72D-47B6-A68D-7590B98EB39B}
		{140F9B2D-CE28-4C86-9A5A-5373EA71679A} = {8D626EA8-CB54-BC41-363A-217881BEBA6E}
		{A9F6DA64-F198-49B4-9C18-BA9CC484A03D} = {8D626EA8-CB54-BC41-363A-217881BEBA6E}
		{9048EB7F-3875-A59E-E36B-5BD4C6F2A282} = {827E0CD3-B72D-47B6-A68D-7590B98EB39B}
		{1E227D84-6870-49CD-8F18-0C66887DA0E1} = {9048EB7F-3875-A59E-E36B-5BD4C6F2A282}
	EndGlobalSection
	GlobalSection(ExtensibilityGlobals) = postSolution
		SolutionGuid = {DD83E9C4-8CB9-4FB2-912E-19AF70BE4573}
	EndGlobalSection
EndGlobal
